// !$*UTF8*$!
{
	archiveVersion = 1;
	classes = {
	};
	objectVersion = 50;
	objects = {

/* Begin PBXBuildFile section */
		B63872262569879C00174C71 /* AppDelegate.swift in Sources */ = {isa = PBXBuildFile; fileRef = B63872252569879C00174C71 /* AppDelegate.swift */; };
		B63872282569879C00174C71 /* SceneDelegate.swift in Sources */ = {isa = PBXBuildFile; fileRef = B63872272569879C00174C71 /* SceneDelegate.swift */; };
		B638722A2569879C00174C71 /* ContentView.swift in Sources */ = {isa = PBXBuildFile; fileRef = B63872292569879C00174C71 /* ContentView.swift */; };
		B638722D2569879C00174C71 /* COVID_19_Hotspot_Map.xcdatamodeld in Sources */ = {isa = PBXBuildFile; fileRef = B638722B2569879C00174C71 /* COVID_19_Hotspot_Map.xcdatamodeld */; };
		B638722F2569879E00174C71 /* Assets.xcassets in Resources */ = {isa = PBXBuildFile; fileRef = B638722E2569879E00174C71 /* Assets.xcassets */; };
		B63872322569879E00174C71 /* Preview Assets.xcassets in Resources */ = {isa = PBXBuildFile; fileRef = B63872312569879E00174C71 /* Preview Assets.xcassets */; };
		B63872352569879E00174C71 /* LaunchScreen.storyboard in Resources */ = {isa = PBXBuildFile; fileRef = B63872332569879E00174C71 /* LaunchScreen.storyboard */; };
		B63872492569887100174C71 /* LocationManager.swift in Sources */ = {isa = PBXBuildFile; fileRef = B63872482569887100174C71 /* LocationManager.swift */; };
		B67DCF2A2569B23800A3DBA6 /* Province.swift in Sources */ = {isa = PBXBuildFile; fileRef = B67DCF292569B23800A3DBA6 /* Province.swift */; };
		B67DCF2D2569BCB200A3DBA6 /* CovidViewModel.swift in Sources */ = {isa = PBXBuildFile; fileRef = B67DCF2C2569BCB200A3DBA6 /* CovidViewModel.swift */; };
		B67DCF502569F20200A3DBA6 /* canadacities.json in Resources */ = {isa = PBXBuildFile; fileRef = B67DCF4F2569F20200A3DBA6 /* canadacities.json */; };
		B67DCF572569F67B00A3DBA6 /* Locality.swift in Sources */ = {isa = PBXBuildFile; fileRef = B67DCF562569F67B00A3DBA6 /* Locality.swift */; };
		B67DCF6A256C0E9600A3DBA6 /* ProvincialSummary.swift in Sources */ = {isa = PBXBuildFile; fileRef = B67DCF69256C0E9600A3DBA6 /* ProvincialSummary.swift */; };
		B67DCFBF256D097A00A3DBA6 /* LeaderboardView.swift in Sources */ = {isa = PBXBuildFile; fileRef = B67DCFBE256D097A00A3DBA6 /* LeaderboardView.swift */; };
		B67DCFC2256D13A700A3DBA6 /* ProvincialSummaryView.swift in Sources */ = {isa = PBXBuildFile; fileRef = B67DCFC1256D13A700A3DBA6 /* ProvincialSummaryView.swift */; };
		B67DCFC5256D454C00A3DBA6 /* MapView.swift in Sources */ = {isa = PBXBuildFile; fileRef = B67DCFC4256D454C00A3DBA6 /* MapView.swift */; };
		B6FC4644256D595B00F51628 /* LocalityAnnotation.swift in Sources */ = {isa = PBXBuildFile; fileRef = B6FC4643256D595B00F51628 /* LocalityAnnotation.swift */; };
/* End PBXBuildFile section */

/* Begin PBXFileReference section */
		B63872222569879C00174C71 /* COVID-19 Hotspot Map.app */ = {isa = PBXFileReference; explicitFileType = wrapper.application; includeInIndex = 0; path = "COVID-19 Hotspot Map.app"; sourceTree = BUILT_PRODUCTS_DIR; };
		B63872252569879C00174C71 /* AppDelegate.swift */ = {isa = PBXFileReference; lastKnownFileType = sourcecode.swift; path = AppDelegate.swift; sourceTree = "<group>"; };
		B63872272569879C00174C71 /* SceneDelegate.swift */ = {isa = PBXFileReference; lastKnownFileType = sourcecode.swift; path = SceneDelegate.swift; sourceTree = "<group>"; };
		B63872292569879C00174C71 /* ContentView.swift */ = {isa = PBXFileReference; lastKnownFileType = sourcecode.swift; path = ContentView.swift; sourceTree = "<group>"; };
		B638722C2569879C00174C71 /* COVID_19_Hotspot_Map.xcdatamodel */ = {isa = PBXFileReference; lastKnownFileType = wrapper.xcdatamodel; path = COVID_19_Hotspot_Map.xcdatamodel; sourceTree = "<group>"; };
		B638722E2569879E00174C71 /* Assets.xcassets */ = {isa = PBXFileReference; lastKnownFileType = folder.assetcatalog; path = Assets.xcassets; sourceTree = "<group>"; };
		B63872312569879E00174C71 /* Preview Assets.xcassets */ = {isa = PBXFileReference; lastKnownFileType = folder.assetcatalog; path = "Preview Assets.xcassets"; sourceTree = "<group>"; };
		B63872342569879E00174C71 /* Base */ = {isa = PBXFileReference; lastKnownFileType = file.storyboard; name = Base; path = Base.lproj/LaunchScreen.storyboard; sourceTree = "<group>"; };
		B63872362569879E00174C71 /* Info.plist */ = {isa = PBXFileReference; lastKnownFileType = text.plist.xml; path = Info.plist; sourceTree = "<group>"; };
		B63872482569887100174C71 /* LocationManager.swift */ = {isa = PBXFileReference; lastKnownFileType = sourcecode.swift; path = LocationManager.swift; sourceTree = "<group>"; };
		B67DCF292569B23800A3DBA6 /* Province.swift */ = {isa = PBXFileReference; lastKnownFileType = sourcecode.swift; path = Province.swift; sourceTree = "<group>"; };
		B67DCF2C2569BCB200A3DBA6 /* CovidViewModel.swift */ = {isa = PBXFileReference; lastKnownFileType = sourcecode.swift; path = CovidViewModel.swift; sourceTree = "<group>"; };
		B67DCF4F2569F20200A3DBA6 /* canadacities.json */ = {isa = PBXFileReference; fileEncoding = 4; lastKnownFileType = text.json; path = canadacities.json; sourceTree = "<group>"; };
		B67DCF562569F67B00A3DBA6 /* Locality.swift */ = {isa = PBXFileReference; lastKnownFileType = sourcecode.swift; path = Locality.swift; sourceTree = "<group>"; };
		B67DCF69256C0E9600A3DBA6 /* ProvincialSummary.swift */ = {isa = PBXFileReference; lastKnownFileType = sourcecode.swift; path = ProvincialSummary.swift; sourceTree = "<group>"; };
		B67DCFBE256D097A00A3DBA6 /* LeaderboardView.swift */ = {isa = PBXFileReference; lastKnownFileType = sourcecode.swift; path = LeaderboardView.swift; sourceTree = "<group>"; };
		B67DCFC1256D13A700A3DBA6 /* ProvincialSummaryView.swift */ = {isa = PBXFileReference; lastKnownFileType = sourcecode.swift; path = ProvincialSummaryView.swift; sourceTree = "<group>"; };
		B67DCFC4256D454C00A3DBA6 /* MapView.swift */ = {isa = PBXFileReference; lastKnownFileType = sourcecode.swift; path = MapView.swift; sourceTree = "<group>"; };
		B6FC4643256D595B00F51628 /* LocalityAnnotation.swift */ = {isa = PBXFileReference; lastKnownFileType = sourcecode.swift; path = LocalityAnnotation.swift; sourceTree = "<group>"; };
/* End PBXFileReference section */

/* Begin PBXFrameworksBuildPhase section */
		B638721F2569879C00174C71 /* Frameworks */ = {
			isa = PBXFrameworksBuildPhase;
			buildActionMask = 2147483647;
			files = (
			);
			runOnlyForDeploymentPostprocessing = 0;
		};
/* End PBXFrameworksBuildPhase section */

/* Begin PBXGroup section */
		B63872192569879C00174C71 = {
			isa = PBXGroup;
			children = (
				B63872242569879C00174C71 /* COVID-19 Hotspot Map */,
				B63872232569879C00174C71 /* Products */,
			);
			sourceTree = "<group>";
		};
		B63872232569879C00174C71 /* Products */ = {
			isa = PBXGroup;
			children = (
				B63872222569879C00174C71 /* COVID-19 Hotspot Map.app */,
			);
			name = Products;
			sourceTree = "<group>";
		};
		B63872242569879C00174C71 /* COVID-19 Hotspot Map */ = {
			isa = PBXGroup;
			children = (
				B63872472569886400174C71 /* Utils */,
				B638723F256987B300174C71 /* ViewModels */,
				B638723E256987AF00174C71 /* Views */,
				B638723D256987A800174C71 /* Models */,
				B63872252569879C00174C71 /* AppDelegate.swift */,
				B63872272569879C00174C71 /* SceneDelegate.swift */,
				B638722E2569879E00174C71 /* Assets.xcassets */,
				B63872332569879E00174C71 /* LaunchScreen.storyboard */,
				B63872362569879E00174C71 /* Info.plist */,
				B63872302569879E00174C71 /* Preview Content */,
			);
			path = "COVID-19 Hotspot Map";
			sourceTree = "<group>";
		};
		B63872302569879E00174C71 /* Preview Content */ = {
			isa = PBXGroup;
			children = (
				B63872312569879E00174C71 /* Preview Assets.xcassets */,
			);
			path = "Preview Content";
			sourceTree = "<group>";
		};
		B638723D256987A800174C71 /* Models */ = {
			isa = PBXGroup;
			children = (
				B638722B2569879C00174C71 /* COVID_19_Hotspot_Map.xcdatamodeld */,
				B67DCF4F2569F20200A3DBA6 /* canadacities.json */,
				B67DCF292569B23800A3DBA6 /* Province.swift */,
				B67DCF562569F67B00A3DBA6 /* Locality.swift */,
				B67DCF69256C0E9600A3DBA6 /* ProvincialSummary.swift */,
				B6FC4643256D595B00F51628 /* LocalityAnnotation.swift */,
			);
			path = Models;
			sourceTree = "<group>";
		};
		B638723E256987AF00174C71 /* Views */ = {
			isa = PBXGroup;
			children = (
				B63872292569879C00174C71 /* ContentView.swift */,
				B67DCFBE256D097A00A3DBA6 /* LeaderboardView.swift */,
				B67DCFC1256D13A700A3DBA6 /* ProvincialSummaryView.swift */,
				B67DCFC4256D454C00A3DBA6 /* MapView.swift */,
			);
			path = Views;
			sourceTree = "<group>";
		};
		B638723F256987B300174C71 /* ViewModels */ = {
			isa = PBXGroup;
			children = (
				B67DCF2C2569BCB200A3DBA6 /* CovidViewModel.swift */,
			);
			path = ViewModels;
			sourceTree = "<group>";
		};
		B63872472569886400174C71 /* Utils */ = {
			isa = PBXGroup;
			children = (
				B63872482569887100174C71 /* LocationManager.swift */,
			);
			path = Utils;
			sourceTree = "<group>";
		};
/* End PBXGroup section */

/* Begin PBXNativeTarget section */
		B63872212569879C00174C71 /* COVID-19 Hotspot Map */ = {
			isa = PBXNativeTarget;
			buildConfigurationList = B63872392569879E00174C71 /* Build configuration list for PBXNativeTarget "COVID-19 Hotspot Map" */;
			buildPhases = (
				B638721E2569879C00174C71 /* Sources */,
				B638721F2569879C00174C71 /* Frameworks */,
				B63872202569879C00174C71 /* Resources */,
			);
			buildRules = (
			);
			dependencies = (
			);
			name = "COVID-19 Hotspot Map";
			productName = "COVID-19 Hotspot Map";
			productReference = B63872222569879C00174C71 /* COVID-19 Hotspot Map.app */;
			productType = "com.apple.product-type.application";
		};
/* End PBXNativeTarget section */

/* Begin PBXProject section */
		B638721A2569879C00174C71 /* Project object */ = {
			isa = PBXProject;
			attributes = {
				LastSwiftUpdateCheck = 1220;
				LastUpgradeCheck = 1220;
				TargetAttributes = {
					B63872212569879C00174C71 = {
						CreatedOnToolsVersion = 12.2;
					};
				};
			};
			buildConfigurationList = B638721D2569879C00174C71 /* Build configuration list for PBXProject "COVID-19 Hotspot Map" */;
			compatibilityVersion = "Xcode 9.3";
			developmentRegion = en;
			hasScannedForEncodings = 0;
			knownRegions = (
				en,
				Base,
			);
			mainGroup = B63872192569879C00174C71;
			productRefGroup = B63872232569879C00174C71 /* Products */;
			projectDirPath = "";
			projectRoot = "";
			targets = (
				B63872212569879C00174C71 /* COVID-19 Hotspot Map */,
			);
		};
/* End PBXProject section */

/* Begin PBXResourcesBuildPhase section */
		B63872202569879C00174C71 /* Resources */ = {
			isa = PBXResourcesBuildPhase;
			buildActionMask = 2147483647;
			files = (
				B63872352569879E00174C71 /* LaunchScreen.storyboard in Resources */,
				B67DCF502569F20200A3DBA6 /* canadacities.json in Resources */,
				B63872322569879E00174C71 /* Preview Assets.xcassets in Resources */,
				B638722F2569879E00174C71 /* Assets.xcassets in Resources */,
			);
			runOnlyForDeploymentPostprocessing = 0;
		};
/* End PBXResourcesBuildPhase section */

/* Begin PBXSourcesBuildPhase section */
		B638721E2569879C00174C71 /* Sources */ = {
			isa = PBXSourcesBuildPhase;
			buildActionMask = 2147483647;
			files = (
				B67DCFBF256D097A00A3DBA6 /* LeaderboardView.swift in Sources */,
				B67DCFC5256D454C00A3DBA6 /* MapView.swift in Sources */,
				B6FC4644256D595B00F51628 /* LocalityAnnotation.swift in Sources */,
				B67DCF2D2569BCB200A3DBA6 /* CovidViewModel.swift in Sources */,
				B638722D2569879C00174C71 /* COVID_19_Hotspot_Map.xcdatamodeld in Sources */,
				B63872262569879C00174C71 /* AppDelegate.swift in Sources */,
				B67DCF6A256C0E9600A3DBA6 /* ProvincialSummary.swift in Sources */,
				B67DCFC2256D13A700A3DBA6 /* ProvincialSummaryView.swift in Sources */,
				B67DCF2A2569B23800A3DBA6 /* Province.swift in Sources */,
				B63872492569887100174C71 /* LocationManager.swift in Sources */,
				B63872282569879C00174C71 /* SceneDelegate.swift in Sources */,
				B67DCF572569F67B00A3DBA6 /* Locality.swift in Sources */,
				B638722A2569879C00174C71 /* ContentView.swift in Sources */,
			);
			runOnlyForDeploymentPostprocessing = 0;
		};
/* End PBXSourcesBuildPhase section */

/* Begin PBXVariantGroup section */
		B63872332569879E00174C71 /* LaunchScreen.storyboard */ = {
			isa = PBXVariantGroup;
			children = (
				B63872342569879E00174C71 /* Base */,
			);
			name = LaunchScreen.storyboard;
			sourceTree = "<group>";
		};
/* End PBXVariantGroup section */

/* Begin XCBuildConfiguration section */
		B63872372569879E00174C71 /* Debug */ = {
			isa = XCBuildConfiguration;
			buildSettings = {
				ALWAYS_SEARCH_USER_PATHS = NO;
				CLANG_ANALYZER_NONNULL = YES;
				CLANG_ANALYZER_NUMBER_OBJECT_CONVERSION = YES_AGGRESSIVE;
				CLANG_CXX_LANGUAGE_STANDARD = "gnu++14";
				CLANG_CXX_LIBRARY = "libc++";
				CLANG_ENABLE_MODULES = YES;
				CLANG_ENABLE_OBJC_ARC = YES;
				CLANG_ENABLE_OBJC_WEAK = YES;
				CLANG_WARN_BLOCK_CAPTURE_AUTORELEASING = YES;
				CLANG_WARN_BOOL_CONVERSION = YES;
				CLANG_WARN_COMMA = YES;
				CLANG_WARN_CONSTANT_CONVERSION = YES;
				CLANG_WARN_DEPRECATED_OBJC_IMPLEMENTATIONS = YES;
				CLANG_WARN_DIRECT_OBJC_ISA_USAGE = YES_ERROR;
				CLANG_WARN_DOCUMENTATION_COMMENTS = YES;
				CLANG_WARN_EMPTY_BODY = YES;
				CLANG_WARN_ENUM_CONVERSION = YES;
				CLANG_WARN_INFINITE_RECURSION = YES;
				CLANG_WARN_INT_CONVERSION = YES;
				CLANG_WARN_NON_LITERAL_NULL_CONVERSION = YES;
				CLANG_WARN_OBJC_IMPLICIT_RETAIN_SELF = YES;
				CLANG_WARN_OBJC_LITERAL_CONVERSION = YES;
				CLANG_WARN_OBJC_ROOT_CLASS = YES_ERROR;
				CLANG_WARN_QUOTED_INCLUDE_IN_FRAMEWORK_HEADER = YES;
				CLANG_WARN_RANGE_LOOP_ANALYSIS = YES;
				CLANG_WARN_STRICT_PROTOTYPES = YES;
				CLANG_WARN_SUSPICIOUS_MOVE = YES;
				CLANG_WARN_UNGUARDED_AVAILABILITY = YES_AGGRESSIVE;
				CLANG_WARN_UNREACHABLE_CODE = YES;
				CLANG_WARN__DUPLICATE_METHOD_MATCH = YES;
				COPY_PHASE_STRIP = NO;
				DEBUG_INFORMATION_FORMAT = dwarf;
				ENABLE_STRICT_OBJC_MSGSEND = YES;
				ENABLE_TESTABILITY = YES;
				GCC_C_LANGUAGE_STANDARD = gnu11;
				GCC_DYNAMIC_NO_PIC = NO;
				GCC_NO_COMMON_BLOCKS = YES;
				GCC_OPTIMIZATION_LEVEL = 0;
				GCC_PREPROCESSOR_DEFINITIONS = (
					"DEBUG=1",
					"$(inherited)",
				);
				GCC_WARN_64_TO_32_BIT_CONVERSION = YES;
				GCC_WARN_ABOUT_RETURN_TYPE = YES_ERROR;
				GCC_WARN_UNDECLARED_SELECTOR = YES;
				GCC_WARN_UNINITIALIZED_AUTOS = YES_AGGRESSIVE;
				GCC_WARN_UNUSED_FUNCTION = YES;
				GCC_WARN_UNUSED_VARIABLE = YES;
				IPHONEOS_DEPLOYMENT_TARGET = 14.2;
				MTL_ENABLE_DEBUG_INFO = INCLUDE_SOURCE;
				MTL_FAST_MATH = YES;
				ONLY_ACTIVE_ARCH = YES;
				SDKROOT = iphoneos;
				SWIFT_ACTIVE_COMPILATION_CONDITIONS = DEBUG;
				SWIFT_OPTIMIZATION_LEVEL = "-Onone";
			};
			name = Debug;
		};
		B63872382569879E00174C71 /* Release */ = {
			isa = XCBuildConfiguration;
			buildSettings = {
				ALWAYS_SEARCH_USER_PATHS = NO;
				CLANG_ANALYZER_NONNULL = YES;
				CLANG_ANALYZER_NUMBER_OBJECT_CONVERSION = YES_AGGRESSIVE;
				CLANG_CXX_LANGUAGE_STANDARD = "gnu++14";
				CLANG_CXX_LIBRARY = "libc++";
				CLANG_ENABLE_MODULES = YES;
				CLANG_ENABLE_OBJC_ARC = YES;
				CLANG_ENABLE_OBJC_WEAK = YES;
				CLANG_WARN_BLOCK_CAPTURE_AUTORELEASING = YES;
				CLANG_WARN_BOOL_CONVERSION = YES;
				CLANG_WARN_COMMA = YES;
				CLANG_WARN_CONSTANT_CONVERSION = YES;
				CLANG_WARN_DEPRECATED_OBJC_IMPLEMENTATIONS = YES;
				CLANG_WARN_DIRECT_OBJC_ISA_USAGE = YES_ERROR;
				CLANG_WARN_DOCUMENTATION_COMMENTS = YES;
				CLANG_WARN_EMPTY_BODY = YES;
				CLANG_WARN_ENUM_CONVERSION = YES;
				CLANG_WARN_INFINITE_RECURSION = YES;
				CLANG_WARN_INT_CONVERSION = YES;
				CLANG_WARN_NON_LITERAL_NULL_CONVERSION = YES;
				CLANG_WARN_OBJC_IMPLICIT_RETAIN_SELF = YES;
				CLANG_WARN_OBJC_LITERAL_CONVERSION = YES;
				CLANG_WARN_OBJC_ROOT_CLASS = YES_ERROR;
				CLANG_WARN_QUOTED_INCLUDE_IN_FRAMEWORK_HEADER = YES;
				CLANG_WARN_RANGE_LOOP_ANALYSIS = YES;
				CLANG_WARN_STRICT_PROTOTYPES = YES;
				CLANG_WARN_SUSPICIOUS_MOVE = YES;
				CLANG_WARN_UNGUARDED_AVAILABILITY = YES_AGGRESSIVE;
				CLANG_WARN_UNREACHABLE_CODE = YES;
				CLANG_WARN__DUPLICATE_METHOD_MATCH = YES;
				COPY_PHASE_STRIP = NO;
				DEBUG_INFORMATION_FORMAT = "dwarf-with-dsym";
				ENABLE_NS_ASSERTIONS = NO;
				ENABLE_STRICT_OBJC_MSGSEND = YES;
				GCC_C_LANGUAGE_STANDARD = gnu11;
				GCC_NO_COMMON_BLOCKS = YES;
				GCC_WARN_64_TO_32_BIT_CONVERSION = YES;
				GCC_WARN_ABOUT_RETURN_TYPE = YES_ERROR;
				GCC_WARN_UNDECLARED_SELECTOR = YES;
				GCC_WARN_UNINITIALIZED_AUTOS = YES_AGGRESSIVE;
				GCC_WARN_UNUSED_FUNCTION = YES;
				GCC_WARN_UNUSED_VARIABLE = YES;
				IPHONEOS_DEPLOYMENT_TARGET = 14.2;
				MTL_ENABLE_DEBUG_INFO = NO;
				MTL_FAST_MATH = YES;
				SDKROOT = iphoneos;
				SWIFT_COMPILATION_MODE = wholemodule;
				SWIFT_OPTIMIZATION_LEVEL = "-O";
				VALIDATE_PRODUCT = YES;
			};
			name = Release;
		};
		B638723A2569879E00174C71 /* Debug */ = {
			isa = XCBuildConfiguration;
			buildSettings = {
				ASSETCATALOG_COMPILER_APPICON_NAME = AppIcon;
				ASSETCATALOG_COMPILER_GLOBAL_ACCENT_COLOR_NAME = AccentColor;
				CODE_SIGN_STYLE = Automatic;
				DEVELOPMENT_ASSET_PATHS = "\"COVID-19 Hotspot Map/Preview Content\"";
				DEVELOPMENT_TEAM = 94NYJ2UF5C;
				ENABLE_PREVIEWS = YES;
				INFOPLIST_FILE = "COVID-19 Hotspot Map/Info.plist";
				LD_RUNPATH_SEARCH_PATHS = (
					"$(inherited)",
					"@executable_path/Frameworks",
				);
				PRODUCT_BUNDLE_IDENTIFIER = "com.PROG31975-Group2.COVID-19-Hotspot-Map";
				PRODUCT_NAME = "$(TARGET_NAME)";
				SWIFT_VERSION = 5.0;
				TARGETED_DEVICE_FAMILY = "1,2";
			};
			name = Debug;
		};
		B638723B2569879E00174C71 /* Release */ = {
			isa = XCBuildConfiguration;
			buildSettings = {
				ASSETCATALOG_COMPILER_APPICON_NAME = AppIcon;
				ASSETCATALOG_COMPILER_GLOBAL_ACCENT_COLOR_NAME = AccentColor;
				CODE_SIGN_STYLE = Automatic;
				DEVELOPMENT_ASSET_PATHS = "\"COVID-19 Hotspot Map/Preview Content\"";
				DEVELOPMENT_TEAM = 94NYJ2UF5C;
				ENABLE_PREVIEWS = YES;
				INFOPLIST_FILE = "COVID-19 Hotspot Map/Info.plist";
				LD_RUNPATH_SEARCH_PATHS = (
					"$(inherited)",
					"@executable_path/Frameworks",
				);
				PRODUCT_BUNDLE_IDENTIFIER = "com.PROG31975-Group2.COVID-19-Hotspot-Map";
				PRODUCT_NAME = "$(TARGET_NAME)";
				SWIFT_VERSION = 5.0;
				TARGETED_DEVICE_FAMILY = "1,2";
			};
			name = Release;
		};
/* End XCBuildConfiguration section */

/* Begin XCConfigurationList section */
		B638721D2569879C00174C71 /* Build configuration list for PBXProject "COVID-19 Hotspot Map" */ = {
			isa = XCConfigurationList;
			buildConfigurations = (
				B63872372569879E00174C71 /* Debug */,
				B63872382569879E00174C71 /* Release */,
			);
			defaultConfigurationIsVisible = 0;
			defaultConfigurationName = Release;
		};
		B63872392569879E00174C71 /* Build configuration list for PBXNativeTarget "COVID-19 Hotspot Map" */ = {
			isa = XCConfigurationList;
			buildConfigurations = (
				B638723A2569879E00174C71 /* Debug */,
				B638723B2569879E00174C71 /* Release */,
			);
			defaultConfigurationIsVisible = 0;
			defaultConfigurationName = Release;
		};
/* End XCConfigurationList section */

/* Begin XCVersionGroup section */
		B638722B2569879C00174C71 /* COVID_19_Hotspot_Map.xcdatamodeld */ = {
			isa = XCVersionGroup;
			children = (
				B638722C2569879C00174C71 /* COVID_19_Hotspot_Map.xcdatamodel */,
			);
			currentVersion = B638722C2569879C00174C71 /* COVID_19_Hotspot_Map.xcdatamodel */;
			path = COVID_19_Hotspot_Map.xcdatamodeld;
			sourceTree = "<group>";
			versionGroupType = wrapper.xcdatamodel;
		};
/* End XCVersionGroup section */
	};
	rootObject = B638721A2569879C00174C71 /* Project object */;
}
